# This is a Gradle generated file for dependency locking.
# Manual edits can break the build and are not advised.
# This file is expected to be part of source control.
ch.qos.logback:logback-classic:1.3.0-alpha10=compileClasspath,runtimeClasspath,testCompileClasspath,testRuntimeClasspath
ch.qos.logback:logback-core:1.3.0-alpha10=compileClasspath,runtimeClasspath,testCompileClasspath,testRuntimeClasspath
com.google.code.findbugs:jsr305:3.0.2=testCompileClasspath,testRuntimeClasspath
com.google.errorprone:error_prone_annotations:2.3.2=testCompileClasspath,testRuntimeClasspath
com.google.guava:failureaccess:1.0.1=testCompileClasspath,testRuntimeClasspath
com.google.guava:guava:28.1-jre=testCompileClasspath,testRuntimeClasspath
com.google.guava:listenablefuture:9999.0-empty-to-avoid-conflict-with-guava=testCompileClasspath,testRuntimeClasspath
com.google.j2objc:j2objc-annotations:1.3=testCompileClasspath,testRuntimeClasspath
commons-cli:commons-cli:1.4=testCompileClasspath,testRuntimeClasspath
net.bytebuddy:byte-buddy-agent:1.12.4=testCompileClasspath,testRuntimeClasspath
net.bytebuddy:byte-buddy:1.12.4=testCompileClasspath,testRuntimeClasspath
net.jqwik:jqwik-api:1.6.2=testCompileClasspath,testRuntimeClasspath
net.jqwik:jqwik-engine:1.6.2=testRuntimeClasspath
net.jqwik:jqwik-time:1.6.2=testCompileClasspath,testRuntimeClasspath
net.jqwik:jqwik-web:1.6.2=testCompileClasspath,testRuntimeClasspath
net.jqwik:jqwik:1.6.2=testCompileClasspath,testRuntimeClasspath
org.apache.commons:commons-lang3:3.11=testCompileClasspath,testRuntimeClasspath
org.apiguardian:apiguardian-api:1.1.2=testCompileClasspath,testRuntimeClasspath
org.assertj:assertj-assertions-generator:2.2.1=testCompileClasspath,testRuntimeClasspath
org.assertj:assertj-core:3.21.0=testCompileClasspath,testRuntimeClasspath
org.checkerframework:checker-qual:2.8.1=testCompileClasspath,testRuntimeClasspath
org.codehaus.mojo:animal-sniffer-annotations:1.18=testCompileClasspath,testRuntimeClasspath
org.junit.jupiter:junit-jupiter-api:5.8.2=testCompileClasspath,testRuntimeClasspath
org.junit.jupiter:junit-jupiter-engine:5.8.2=testRuntimeClasspath
org.junit.jupiter:junit-jupiter-params:5.8.2=testCompileClasspath,testRuntimeClasspath
org.junit.jupiter:junit-jupiter:5.8.2=testCompileClasspath,testRuntimeClasspath
org.junit.platform:junit-platform-commons:1.8.2=testCompileClasspath,testRuntimeClasspath
org.junit.platform:junit-platform-engine:1.8.2=testRuntimeClasspath
org.junit:junit-bom:5.8.2=testCompileClasspath,testRuntimeClasspath
org.mockito:mockito-core:4.2.0=testCompileClasspath,testRuntimeClasspath
org.objenesis:objenesis:3.2=testRuntimeClasspath
org.opentest4j:opentest4j:1.2.0=testCompileClasspath,testRuntimeClasspath
org.slf4j:slf4j-api:2.0.0-alpha5=compileClasspath,runtimeClasspath,testCompileClasspath,testRuntimeClasspath
empty=annotationProcessor,testAnnotationProcessor
